
Microsoft Visual Studio Solution File, Format Version 11.00
# Visual Studio 2010
Project("{FAE04EC0-301F-11D3-BF4B-00C04F79EFBC}") = "Snowboard", "Assembly-CSharp.csproj", "{7136B68E-336B-63D9-BDCA-40AD6E0CEC77}"
EndProject
Project("{FAE04EC0-301F-11D3-BF4B-00C04F79EFBC}") = "Snowboard", "Assembly-CSharp-firstpass.csproj", "{A70ADD84-D550-1E20-12A7-651A4075FC62}"
EndProject
Project("{FAE04EC0-301F-11D3-BF4B-00C04F79EFBC}") = "Snowboard", "Assembly-CSharp-Editor.csproj", "{56E847BD-0564-AF03-B2E8-C25F4A1EC5A6}"
EndProject
Global
	GlobalSection(SolutionConfigurationPlatforms) = preSolution
		Debug|Any CPU = Debug|Any CPU
		Release|Any CPU = Release|Any CPU
	EndGlobalSection
	GlobalSection(ProjectConfigurationPlatforms) = postSolution
		{7136B68E-336B-63D9-BDCA-40AD6E0CEC77}.Debug|Any CPU.ActiveCfg = Debug|Any CPU
		{7136B68E-336B-63D9-BDCA-40AD6E0CEC77}.Debug|Any CPU.Build.0 = Debug|Any CPU
		{7136B68E-336B-63D9-BDCA-40AD6E0CEC77}.Release|Any CPU.ActiveCfg = Release|Any CPU
		{7136B68E-336B-63D9-BDCA-40AD6E0CEC77}.Release|Any CPU.Build.0 = Release|Any CPU
		{A70ADD84-D550-1E20-12A7-651A4075FC62}.Debug|Any CPU.ActiveCfg = Debug|Any CPU
		{A70ADD84-D550-1E20-12A7-651A4075FC62}.Debug|Any CPU.Build.0 = Debug|Any CPU
		{A70ADD84-D550-1E20-12A7-651A4075FC62}.Release|Any CPU.ActiveCfg = Release|Any CPU
		{A70ADD84-D550-1E20-12A7-651A4075FC62}.Release|Any CPU.Build.0 = Release|Any CPU
		{56E847BD-0564-AF03-B2E8-C25F4A1EC5A6}.Debug|Any CPU.ActiveCfg = Debug|Any CPU
		{56E847BD-0564-AF03-B2E8-C25F4A1EC5A6}.Debug|Any CPU.Build.0 = Debug|Any CPU
		{56E847BD-0564-AF03-B2E8-C25F4A1EC5A6}.Release|Any CPU.ActiveCfg = Release|Any CPU
		{56E847BD-0564-AF03-B2E8-C25F4A1EC5A6}.Release|Any CPU.Build.0 = Release|Any CPU
	EndGlobalSection
	GlobalSection(SolutionProperties) = preSolution
		HideSolutionNode = FALSE
	EndGlobalSection
	GlobalSection(MonoDevelopProperties) = preSolution
		StartupItem = Assembly-CSharp.csproj
	EndGlobalSection
EndGlobal
